
Microsoft Visual Studio Solution File, Format Version 12.00
# Visual Studio Version 17
VisualStudioVersion = 17.0.31903.59
MinimumVisualStudioVersion = 10.0.40219.1
Project("{2150E333-8FDC-42A3-9474-1A3956D46DE8}") = "src", "src", "{AA03877C-DA50-454D-951E-2431CB2F50BE}"
EndProject
Project("{2150E333-8FDC-42A3-9474-1A3956D46DE8}") = "Modules", "Modules", "{20C437AD-819F-4391-A368-562FA94F9541}"
EndProject
Project("{9A19103F-16F7-4668-BE54-9A1E7A4F7556}") = "CloudSuite.BackBonne.Domain", "src\Modules\CloudSuite.BackBonne.Domain\CloudSuite.BackBonne.Domain.csproj", "{08ABFF80-411D-4CBA-8BD3-1A8D72E28505}"
EndProject
Project("{9A19103F-16F7-4668-BE54-9A1E7A4F7556}") = "CloudSuite.BackBonne.Application", "src\Modules\CloudSuite.BackBonne.Application\CloudSuite.BackBonne.Application.csproj", "{8A067268-1D39-4227-8DFA-ED5F480D7685}"
EndProject
Project("{9A19103F-16F7-4668-BE54-9A1E7A4F7556}") = "CloudSuite.Modules.Commons", "src\Modules\CloudSuite.Modules.Commons\CloudSuite.Modules.Commons.csproj", "{F616CA9B-B17F-46B6-B0DE-459BFC314D48}"
EndProject
Project("{2150E333-8FDC-42A3-9474-1A3956D46DE8}") = "test", "test", "{7331D9CC-92E7-4666-ABFD-B8F6BBF3FC85}"
EndProject
Project("{FAE04EC0-301F-11D3-BF4B-00C04F79EFBC}") = "CloudSuite.BackBonne.Application.Tests", "test\CloudSuite.BackBonne.Application.Tests\CloudSuite.BackBonne.Application.Tests.csproj", "{EAF163CA-5034-403F-A762-D2B38C725D5B}"
EndProject
Project("{2150E333-8FDC-42A3-9474-1A3956D46DE8}") = "Rest", "Rest", "{E763C25D-39F5-4E4C-8BD5-7F30A70DB8E0}"
EndProject
Project("{FAE04EC0-301F-11D3-BF4B-00C04F79EFBC}") = "CloudSuite.Services.Finance.Api", "src\Rest\CloudSuite.Services.Finance.Api\CloudSuite.Services.Finance.Api.csproj", "{27783610-C7B7-4610-B214-36C1EBE57CF8}"
EndProject
Global
	GlobalSection(SolutionConfigurationPlatforms) = preSolution
		Debug|Any CPU = Debug|Any CPU
		Release|Any CPU = Release|Any CPU
	EndGlobalSection
	GlobalSection(ProjectConfigurationPlatforms) = postSolution
		{08ABFF80-411D-4CBA-8BD3-1A8D72E28505}.Debug|Any CPU.ActiveCfg = Debug|Any CPU
		{08ABFF80-411D-4CBA-8BD3-1A8D72E28505}.Debug|Any CPU.Build.0 = Debug|Any CPU
		{08ABFF80-411D-4CBA-8BD3-1A8D72E28505}.Release|Any CPU.ActiveCfg = Release|Any CPU
		{08ABFF80-411D-4CBA-8BD3-1A8D72E28505}.Release|Any CPU.Build.0 = Release|Any CPU
		{8A067268-1D39-4227-8DFA-ED5F480D7685}.Debug|Any CPU.ActiveCfg = Debug|Any CPU
		{8A067268-1D39-4227-8DFA-ED5F480D7685}.Debug|Any CPU.Build.0 = Debug|Any CPU
		{8A067268-1D39-4227-8DFA-ED5F480D7685}.Release|Any CPU.ActiveCfg = Release|Any CPU
		{8A067268-1D39-4227-8DFA-ED5F480D7685}.Release|Any CPU.Build.0 = Release|Any CPU
		{F616CA9B-B17F-46B6-B0DE-459BFC314D48}.Debug|Any CPU.ActiveCfg = Debug|Any CPU
		{F616CA9B-B17F-46B6-B0DE-459BFC314D48}.Debug|Any CPU.Build.0 = Debug|Any CPU
		{F616CA9B-B17F-46B6-B0DE-459BFC314D48}.Release|Any CPU.ActiveCfg = Release|Any CPU
		{F616CA9B-B17F-46B6-B0DE-459BFC314D48}.Release|Any CPU.Build.0 = Release|Any CPU
		{EAF163CA-5034-403F-A762-D2B38C725D5B}.Debug|Any CPU.ActiveCfg = Debug|Any CPU
		{EAF163CA-5034-403F-A762-D2B38C725D5B}.Debug|Any CPU.Build.0 = Debug|Any CPU
		{EAF163CA-5034-403F-A762-D2B38C725D5B}.Release|Any CPU.ActiveCfg = Release|Any CPU
		{EAF163CA-5034-403F-A762-D2B38C725D5B}.Release|Any CPU.Build.0 = Release|Any CPU
		{27783610-C7B7-4610-B214-36C1EBE57CF8}.Debug|Any CPU.ActiveCfg = Debug|Any CPU
		{27783610-C7B7-4610-B214-36C1EBE57CF8}.Debug|Any CPU.Build.0 = Debug|Any CPU
		{27783610-C7B7-4610-B214-36C1EBE57CF8}.Release|Any CPU.ActiveCfg = Release|Any CPU
		{27783610-C7B7-4610-B214-36C1EBE57CF8}.Release|Any CPU.Build.0 = Release|Any CPU
	EndGlobalSection
	GlobalSection(SolutionProperties) = preSolution
		HideSolutionNode = FALSE
	EndGlobalSection
	GlobalSection(NestedProjects) = preSolution
		{20C437AD-819F-4391-A368-562FA94F9541} = {AA03877C-DA50-454D-951E-2431CB2F50BE}
		{08ABFF80-411D-4CBA-8BD3-1A8D72E28505} = {20C437AD-819F-4391-A368-562FA94F9541}
		{8A067268-1D39-4227-8DFA-ED5F480D7685} = {20C437AD-819F-4391-A368-562FA94F9541}
		{F616CA9B-B17F-46B6-B0DE-459BFC314D48} = {20C437AD-819F-4391-A368-562FA94F9541}
		{EAF163CA-5034-403F-A762-D2B38C725D5B} = {7331D9CC-92E7-4666-ABFD-B8F6BBF3FC85}
		{E763C25D-39F5-4E4C-8BD5-7F30A70DB8E0} = {AA03877C-DA50-454D-951E-2431CB2F50BE}
		{27783610-C7B7-4610-B214-36C1EBE57CF8} = {E763C25D-39F5-4E4C-8BD5-7F30A70DB8E0}
	EndGlobalSection
	GlobalSection(ExtensibilityGlobals) = postSolution
		SolutionGuid = {92C7DA59-16B7-4DD4-BCDD-F9F870673F67}
	EndGlobalSection
EndGlobal
