
Microsoft Visual Studio Solution File, Format Version 12.00
# Visual Studio Version 17
VisualStudioVersion = 17.0.31903.59
MinimumVisualStudioVersion = 10.0.40219.1
Project("{2150E333-8FDC-42A3-9474-1A3956D46DE8}") = "src", "src", "{8B9DE127-A6A4-4376-AC2C-43ACBB920CC2}"
EndProject
Project("{2150E333-8FDC-42A3-9474-1A3956D46DE8}") = "Modules", "Modules", "{FCCC2DE1-8DFC-4A45-BFC7-1009B3DE6E49}"
EndProject
Project("{FAE04EC0-301F-11D3-BF4B-00C04F79EFBC}") = "CloudSuite.Modules.ERede.Domain", "src\Modules\CloudSuite.Modules.ERede.Domain\CloudSuite.Modules.ERede.Domain.csproj", "{7A6D85BD-71C2-40C4-AFF4-3C8615910D3A}"
EndProject
Project("{FAE04EC0-301F-11D3-BF4B-00C04F79EFBC}") = "CloudSuite.Modules.ERede.Application", "src\Modules\CloudSuite.Modules.ERede.Application\CloudSuite.Modules.ERede.Application.csproj", "{4C9440A5-0D53-43EB-87AD-8220AAEB010E}"
EndProject
Project("{2150E333-8FDC-42A3-9474-1A3956D46DE8}") = "Infrastructure", "Infrastructure", "{5DBB643F-17AB-4140-9BB8-B41A218B94F4}"
EndProject
Project("{FAE04EC0-301F-11D3-BF4B-00C04F79EFBC}") = "CloudSuite.Infrastructure", "src\Infrastructure\CloudSuite.Infrastructure\CloudSuite.Infrastructure.csproj", "{C5ABD4FD-200E-45B4-8E09-D114C5B2F732}"
EndProject
Project("{FAE04EC0-301F-11D3-BF4B-00C04F79EFBC}") = "CloudSuite.Infrastructure.CrossCutting", "src\Infrastructure\CloudSuite.Infrastructure.CrossCutting\CloudSuite.Infrastructure.CrossCutting.csproj", "{35A51644-4452-4071-B77D-C149BD20F41E}"
EndProject
Project("{2150E333-8FDC-42A3-9474-1A3956D46DE8}") = "Rest", "Rest", "{56E9497E-7F44-47BC-9C5A-27927F644B6F}"
EndProject
Project("{FAE04EC0-301F-11D3-BF4B-00C04F79EFBC}") = "CloudSuite.Services.ERede.Api", "src\Rest\CloudSuite.Services.ERede.Api\CloudSuite.Services.ERede.Api.csproj", "{38471D8F-5724-474E-A3FA-91976EF010ED}"
EndProject
Global
	GlobalSection(SolutionConfigurationPlatforms) = preSolution
		Debug|Any CPU = Debug|Any CPU
		Release|Any CPU = Release|Any CPU
	EndGlobalSection
	GlobalSection(ProjectConfigurationPlatforms) = postSolution
		{7A6D85BD-71C2-40C4-AFF4-3C8615910D3A}.Debug|Any CPU.ActiveCfg = Debug|Any CPU
		{7A6D85BD-71C2-40C4-AFF4-3C8615910D3A}.Debug|Any CPU.Build.0 = Debug|Any CPU
		{7A6D85BD-71C2-40C4-AFF4-3C8615910D3A}.Release|Any CPU.ActiveCfg = Release|Any CPU
		{7A6D85BD-71C2-40C4-AFF4-3C8615910D3A}.Release|Any CPU.Build.0 = Release|Any CPU
		{4C9440A5-0D53-43EB-87AD-8220AAEB010E}.Debug|Any CPU.ActiveCfg = Debug|Any CPU
		{4C9440A5-0D53-43EB-87AD-8220AAEB010E}.Debug|Any CPU.Build.0 = Debug|Any CPU
		{4C9440A5-0D53-43EB-87AD-8220AAEB010E}.Release|Any CPU.ActiveCfg = Release|Any CPU
		{4C9440A5-0D53-43EB-87AD-8220AAEB010E}.Release|Any CPU.Build.0 = Release|Any CPU
		{C5ABD4FD-200E-45B4-8E09-D114C5B2F732}.Debug|Any CPU.ActiveCfg = Debug|Any CPU
		{C5ABD4FD-200E-45B4-8E09-D114C5B2F732}.Debug|Any CPU.Build.0 = Debug|Any CPU
		{C5ABD4FD-200E-45B4-8E09-D114C5B2F732}.Release|Any CPU.ActiveCfg = Release|Any CPU
		{C5ABD4FD-200E-45B4-8E09-D114C5B2F732}.Release|Any CPU.Build.0 = Release|Any CPU
		{35A51644-4452-4071-B77D-C149BD20F41E}.Debug|Any CPU.ActiveCfg = Debug|Any CPU
		{35A51644-4452-4071-B77D-C149BD20F41E}.Debug|Any CPU.Build.0 = Debug|Any CPU
		{35A51644-4452-4071-B77D-C149BD20F41E}.Release|Any CPU.ActiveCfg = Release|Any CPU
		{35A51644-4452-4071-B77D-C149BD20F41E}.Release|Any CPU.Build.0 = Release|Any CPU
		{38471D8F-5724-474E-A3FA-91976EF010ED}.Debug|Any CPU.ActiveCfg = Debug|Any CPU
		{38471D8F-5724-474E-A3FA-91976EF010ED}.Debug|Any CPU.Build.0 = Debug|Any CPU
		{38471D8F-5724-474E-A3FA-91976EF010ED}.Release|Any CPU.ActiveCfg = Release|Any CPU
		{38471D8F-5724-474E-A3FA-91976EF010ED}.Release|Any CPU.Build.0 = Release|Any CPU
	EndGlobalSection
	GlobalSection(SolutionProperties) = preSolution
		HideSolutionNode = FALSE
	EndGlobalSection
	GlobalSection(NestedProjects) = preSolution
		{FCCC2DE1-8DFC-4A45-BFC7-1009B3DE6E49} = {8B9DE127-A6A4-4376-AC2C-43ACBB920CC2}
		{7A6D85BD-71C2-40C4-AFF4-3C8615910D3A} = {FCCC2DE1-8DFC-4A45-BFC7-1009B3DE6E49}
		{4C9440A5-0D53-43EB-87AD-8220AAEB010E} = {FCCC2DE1-8DFC-4A45-BFC7-1009B3DE6E49}
		{5DBB643F-17AB-4140-9BB8-B41A218B94F4} = {8B9DE127-A6A4-4376-AC2C-43ACBB920CC2}
		{C5ABD4FD-200E-45B4-8E09-D114C5B2F732} = {5DBB643F-17AB-4140-9BB8-B41A218B94F4}
		{35A51644-4452-4071-B77D-C149BD20F41E} = {5DBB643F-17AB-4140-9BB8-B41A218B94F4}
		{56E9497E-7F44-47BC-9C5A-27927F644B6F} = {8B9DE127-A6A4-4376-AC2C-43ACBB920CC2}
		{38471D8F-5724-474E-A3FA-91976EF010ED} = {56E9497E-7F44-47BC-9C5A-27927F644B6F}
	EndGlobalSection
	GlobalSection(ExtensibilityGlobals) = postSolution
		SolutionGuid = {0B50CC43-2347-4E72-AD6E-7CA6D6CECA75}
	EndGlobalSection
EndGlobal
